// !$*UTF8*$!
{
	archiveVersion = 1;
	classes = {
	};
	objectVersion = 55;
	objects = {

/* Begin PBXBuildFile section */
		59C7EB4C273EAA730016F426 /* AppDelegate.swift in Sources */ = {isa = PBXBuildFile; fileRef = 59C7EB4B273EAA730016F426 /* AppDelegate.swift */; };
		59C7EB4E273EAA730016F426 /* SceneDelegate.swift in Sources */ = {isa = PBXBuildFile; fileRef = 59C7EB4D273EAA730016F426 /* SceneDelegate.swift */; };
		59C7EB50273EAA730016F426 /* IntroductionViewController.swift in Sources */ = {isa = PBXBuildFile; fileRef = 59C7EB4F273EAA730016F426 /* IntroductionViewController.swift */; };
		59C7EB53273EAA730016F426 /* Main.storyboard in Resources */ = {isa = PBXBuildFile; fileRef = 59C7EB51273EAA730016F426 /* Main.storyboard */; };
		59C7EB55273EAA750016F426 /* Assets.xcassets in Resources */ = {isa = PBXBuildFile; fileRef = 59C7EB54273EAA750016F426 /* Assets.xcassets */; };
		59C7EB58273EAA750016F426 /* LaunchScreen.storyboard in Resources */ = {isa = PBXBuildFile; fileRef = 59C7EB56273EAA750016F426 /* LaunchScreen.storyboard */; };
		59C7EB65273EDFFB0016F426 /* Question.swift in Sources */ = {isa = PBXBuildFile; fileRef = 59C7EB64273EDFFB0016F426 /* Question.swift */; };
		59C7EB67274005CC0016F426 /* QuestionsViewController.swift in Sources */ = {isa = PBXBuildFile; fileRef = 59C7EB66274005CC0016F426 /* QuestionsViewController.swift */; };
		59C7EB69274005E70016F426 /* ResoltsViewController.swift in Sources */ = {isa = PBXBuildFile; fileRef = 59C7EB68274005E70016F426 /* ResoltsViewController.swift */; };
/* End PBXBuildFile section */

/* Begin PBXFileReference section */
		59C7EB48273EAA730016F426 /* PersonalQuiz.app */ = {isa = PBXFileReference; explicitFileType = wrapper.application; includeInIndex = 0; path = PersonalQuiz.app; sourceTree = BUILT_PRODUCTS_DIR; };
		59C7EB4B273EAA730016F426 /* AppDelegate.swift */ = {isa = PBXFileReference; lastKnownFileType = sourcecode.swift; path = AppDelegate.swift; sourceTree = "<group>"; };
		59C7EB4D273EAA730016F426 /* SceneDelegate.swift */ = {isa = PBXFileReference; lastKnownFileType = sourcecode.swift; path = SceneDelegate.swift; sourceTree = "<group>"; };
		59C7EB4F273EAA730016F426 /* IntroductionViewController.swift */ = {isa = PBXFileReference; lastKnownFileType = sourcecode.swift; path = IntroductionViewController.swift; sourceTree = "<group>"; };
		59C7EB52273EAA730016F426 /* Base */ = {isa = PBXFileReference; lastKnownFileType = file.storyboard; name = Base; path = Base.lproj/Main.storyboard; sourceTree = "<group>"; };
		59C7EB54273EAA750016F426 /* Assets.xcassets */ = {isa = PBXFileReference; lastKnownFileType = folder.assetcatalog; path = Assets.xcassets; sourceTree = "<group>"; };
		59C7EB57273EAA750016F426 /* Base */ = {isa = PBXFileReference; lastKnownFileType = file.storyboard; name = Base; path = Base.lproj/LaunchScreen.storyboard; sourceTree = "<group>"; };
		59C7EB59273EAA750016F426 /* Info.plist */ = {isa = PBXFileReference; lastKnownFileType = text.plist.xml; path = Info.plist; sourceTree = "<group>"; };
		59C7EB64273EDFFB0016F426 /* Question.swift */ = {isa = PBXFileReference; lastKnownFileType = sourcecode.swift; path = Question.swift; sourceTree = "<group>"; };
		59C7EB66274005CC0016F426 /* QuestionsViewController.swift */ = {isa = PBXFileReference; lastKnownFileType = sourcecode.swift; path = QuestionsViewController.swift; sourceTree = "<group>"; };
		59C7EB68274005E70016F426 /* ResoltsViewController.swift */ = {isa = PBXFileReference; lastKnownFileType = sourcecode.swift; path = ResoltsViewController.swift; sourceTree = "<group>"; };
/* End PBXFileReference section */

/* Begin PBXFrameworksBuildPhase section */
		59C7EB45273EAA730016F426 /* Frameworks */ = {
			isa = PBXFrameworksBuildPhase;
			buildActionMask = 2147483647;
			files = (
			);
			runOnlyForDeploymentPostprocessing = 0;
		};
/* End PBXFrameworksBuildPhase section */

/* Begin PBXGroup section */
		59C7EB3F273EAA730016F426 = {
			isa = PBXGroup;
			children = (
				59C7EB4A273EAA730016F426 /* PersonalQuiz */,
				59C7EB49273EAA730016F426 /* Products */,
			);
			sourceTree = "<group>";
		};
		59C7EB49273EAA730016F426 /* Products */ = {
			isa = PBXGroup;
			children = (
				59C7EB48273EAA730016F426 /* PersonalQuiz.app */,
			);
			name = Products;
			sourceTree = "<group>";
		};
		59C7EB4A273EAA730016F426 /* PersonalQuiz */ = {
			isa = PBXGroup;
			children = (
				59C7EB5F273EB1DF0016F426 /* ViewConrollers */,
				59C7EB60273EB2190016F426 /* Models */,
				59C7EB61273EB24E0016F426 /* Storyboards */,
				59C7EB63273EB2CC0016F426 /* Supporting */,
				59C7EB62273EB28C0016F426 /* Resources */,
			);
			path = PersonalQuiz;
			sourceTree = "<group>";
		};
		59C7EB5F273EB1DF0016F426 /* ViewConrollers */ = {
			isa = PBXGroup;
			children = (
				59C7EB4F273EAA730016F426 /* IntroductionViewController.swift */,
				59C7EB66274005CC0016F426 /* QuestionsViewController.swift */,
				59C7EB68274005E70016F426 /* ResoltsViewController.swift */,
			);
			path = ViewConrollers;
			sourceTree = "<group>";
		};
		59C7EB60273EB2190016F426 /* Models */ = {
			isa = PBXGroup;
			children = (
				59C7EB64273EDFFB0016F426 /* Question.swift */,
			);
			path = Models;
			sourceTree = "<group>";
		};
		59C7EB61273EB24E0016F426 /* Storyboards */ = {
			isa = PBXGroup;
			children = (
				59C7EB51273EAA730016F426 /* Main.storyboard */,
				59C7EB56273EAA750016F426 /* LaunchScreen.storyboard */,
			);
			path = Storyboards;
			sourceTree = "<group>";
		};
		59C7EB62273EB28C0016F426 /* Resources */ = {
			isa = PBXGroup;
			children = (
				59C7EB54273EAA750016F426 /* Assets.xcassets */,
			);
			path = Resources;
			sourceTree = "<group>";
		};
		59C7EB63273EB2CC0016F426 /* Supporting */ = {
			isa = PBXGroup;
			children = (
				59C7EB59273EAA750016F426 /* Info.plist */,
				59C7EB4B273EAA730016F426 /* AppDelegate.swift */,
				59C7EB4D273EAA730016F426 /* SceneDelegate.swift */,
			);
			path = Supporting;
			sourceTree = "<group>";
		};
/* End PBXGroup section */

/* Begin PBXNativeTarget section */
		59C7EB47273EAA730016F426 /* PersonalQuiz */ = {
			isa = PBXNativeTarget;
			buildConfigurationList = 59C7EB5C273EAA750016F426 /* Build configuration list for PBXNativeTarget "PersonalQuiz" */;
			buildPhases = (
				59C7EB44273EAA730016F426 /* Sources */,
				59C7EB45273EAA730016F426 /* Frameworks */,
				59C7EB46273EAA730016F426 /* Resources */,
			);
			buildRules = (
			);
			dependencies = (
			);
			name = PersonalQuiz;
			productName = PersonalQuiz;
			productReference = 59C7EB48273EAA730016F426 /* PersonalQuiz.app */;
			productType = "com.apple.product-type.application";
		};
/* End PBXNativeTarget section */

/* Begin PBXProject section */
		59C7EB40273EAA730016F426 /* Project object */ = {
			isa = PBXProject;
			attributes = {
				BuildIndependentTargetsInParallel = 1;
				LastSwiftUpdateCheck = 1310;
				LastUpgradeCheck = 1310;
				TargetAttributes = {
					59C7EB47273EAA730016F426 = {
						CreatedOnToolsVersion = 13.1;
					};
				};
			};
			buildConfigurationList = 59C7EB43273EAA730016F426 /* Build configuration list for PBXProject "PersonalQuiz" */;
			compatibilityVersion = "Xcode 13.0";
			developmentRegion = en;
			hasScannedForEncodings = 0;
			knownRegions = (
				en,
				Base,
			);
			mainGroup = 59C7EB3F273EAA730016F426;
			productRefGroup = 59C7EB49273EAA730016F426 /* Products */;
			projectDirPath = "";
			projectRoot = "";
			targets = (
				59C7EB47273EAA730016F426 /* PersonalQuiz */,
			);
		};
/* End PBXProject section */

/* Begin PBXResourcesBuildPhase section */
		59C7EB46273EAA730016F426 /* Resources */ = {
			isa = PBXResourcesBuildPhase;
			buildActionMask = 2147483647;
			files = (
				59C7EB58273EAA750016F426 /* LaunchScreen.storyboard in Resources */,
				59C7EB55273EAA750016F426 /* Assets.xcassets in Resources */,
				59C7EB53273EAA730016F426 /* Main.storyboard in Resources */,
			);
			runOnlyForDeploymentPostprocessing = 0;
		};
/* End PBXResourcesBuildPhase section */

/* Begin PBXSourcesBuildPhase section */
		59C7EB44273EAA730016F426 /* Sources */ = {
			isa = PBXSourcesBuildPhase;
			buildActionMask = 2147483647;
			files = (
				59C7EB50273EAA730016F426 /* IntroductionViewController.swift in Sources */,
				59C7EB67274005CC0016F426 /* QuestionsViewController.swift in Sources */,
				59C7EB65273EDFFB0016F426 /* Question.swift in Sources */,
				59C7EB4C273EAA730016F426 /* AppDelegate.swift in Sources */,
				59C7EB4E273EAA730016F426 /* SceneDelegate.swift in Sources */,
				59C7EB69274005E70016F426 /* ResoltsViewController.swift in Sources */,
			);
			runOnlyForDeploymentPostprocessing = 0;
		};
/* End PBXSourcesBuildPhase section */

/* Begin PBXVariantGroup section */
		59C7EB51273EAA730016F426 /* Main.storyboard */ = {
			isa = PBXVariantGroup;
			children = (
				59C7EB52273EAA730016F426 /* Base */,
			);
			name = Main.storyboard;
			sourceTree = "<group>";
		};
		59C7EB56273EAA750016F426 /* LaunchScreen.storyboard */ = {
			isa = PBXVariantGroup;
			children = (
				59C7EB57273EAA750016F426 /* Base */,
			);
			name = LaunchScreen.storyboard;
			sourceTree = "<group>";
		};
/* End PBXVariantGroup section */

/* Begin XCBuildConfiguration section */
		59C7EB5A273EAA750016F426 /* Debug */ = {
			isa = XCBuildConfiguration;
			buildSettings = {
				ALWAYS_SEARCH_USER_PATHS = NO;
				CLANG_ANALYZER_NONNULL = YES;
				CLANG_ANALYZER_NUMBER_OBJECT_CONVERSION = YES_AGGRESSIVE;
				CLANG_CXX_LANGUAGE_STANDARD = "gnu++17";
				CLANG_CXX_LIBRARY = "libc++";
				CLANG_ENABLE_MODULES = YES;
				CLANG_ENABLE_OBJC_ARC = YES;
				CLANG_ENABLE_OBJC_WEAK = YES;
				CLANG_WARN_BLOCK_CAPTURE_AUTORELEASING = YES;
				CLANG_WARN_BOOL_CONVERSION = YES;
				CLANG_WARN_COMMA = YES;
				CLANG_WARN_CONSTANT_CONVERSION = YES;
				CLANG_WARN_DEPRECATED_OBJC_IMPLEMENTATIONS = YES;
				CLANG_WARN_DIRECT_OBJC_ISA_USAGE = YES_ERROR;
				CLANG_WARN_DOCUMENTATION_COMMENTS = YES;
				CLANG_WARN_EMPTY_BODY = YES;
				CLANG_WARN_ENUM_CONVERSION = YES;
				CLANG_WARN_INFINITE_RECURSION = YES;
				CLANG_WARN_INT_CONVERSION = YES;
				CLANG_WARN_NON_LITERAL_NULL_CONVERSION = YES;
				CLANG_WARN_OBJC_IMPLICIT_RETAIN_SELF = YES;
				CLANG_WARN_OBJC_LITERAL_CONVERSION = YES;
				CLANG_WARN_OBJC_ROOT_CLASS = YES_ERROR;
				CLANG_WARN_QUOTED_INCLUDE_IN_FRAMEWORK_HEADER = YES;
				CLANG_WARN_RANGE_LOOP_ANALYSIS = YES;
				CLANG_WARN_STRICT_PROTOTYPES = YES;
				CLANG_WARN_SUSPICIOUS_MOVE = YES;
				CLANG_WARN_UNGUARDED_AVAILABILITY = YES_AGGRESSIVE;
				CLANG_WARN_UNREACHABLE_CODE = YES;
				CLANG_WARN__DUPLICATE_METHOD_MATCH = YES;
				COPY_PHASE_STRIP = NO;
				DEBUG_INFORMATION_FORMAT = dwarf;
				ENABLE_STRICT_OBJC_MSGSEND = YES;
				ENABLE_TESTABILITY = YES;
				GCC_C_LANGUAGE_STANDARD = gnu11;
				GCC_DYNAMIC_NO_PIC = NO;
				GCC_NO_COMMON_BLOCKS = YES;
				GCC_OPTIMIZATION_LEVEL = 0;
				GCC_PREPROCESSOR_DEFINITIONS = (
					"DEBUG=1",
					"$(inherited)",
				);
				GCC_WARN_64_TO_32_BIT_CONVERSION = YES;
				GCC_WARN_ABOUT_RETURN_TYPE = YES_ERROR;
				GCC_WARN_UNDECLARED_SELECTOR = YES;
				GCC_WARN_UNINITIALIZED_AUTOS = YES_AGGRESSIVE;
				GCC_WARN_UNUSED_FUNCTION = YES;
				GCC_WARN_UNUSED_VARIABLE = YES;
				IPHONEOS_DEPLOYMENT_TARGET = 15.0;
				MTL_ENABLE_DEBUG_INFO = INCLUDE_SOURCE;
				MTL_FAST_MATH = YES;
				ONLY_ACTIVE_ARCH = YES;
				SDKROOT = iphoneos;
				SWIFT_ACTIVE_COMPILATION_CONDITIONS = DEBUG;
				SWIFT_OPTIMIZATION_LEVEL = "-Onone";
			};
			name = Debug;
		};
		59C7EB5B273EAA750016F426 /* Release */ = {
			isa = XCBuildConfiguration;
			buildSettings = {
				ALWAYS_SEARCH_USER_PATHS = NO;
				CLANG_ANALYZER_NONNULL = YES;
				CLANG_ANALYZER_NUMBER_OBJECT_CONVERSION = YES_AGGRESSIVE;
				CLANG_CXX_LANGUAGE_STANDARD = "gnu++17";
				CLANG_CXX_LIBRARY = "libc++";
				CLANG_ENABLE_MODULES = YES;
				CLANG_ENABLE_OBJC_ARC = YES;
				CLANG_ENABLE_OBJC_WEAK = YES;
				CLANG_WARN_BLOCK_CAPTURE_AUTORELEASING = YES;
				CLANG_WARN_BOOL_CONVERSION = YES;
				CLANG_WARN_COMMA = YES;
				CLANG_WARN_CONSTANT_CONVERSION = YES;
				CLANG_WARN_DEPRECATED_OBJC_IMPLEMENTATIONS = YES;
				CLANG_WARN_DIRECT_OBJC_ISA_USAGE = YES_ERROR;
				CLANG_WARN_DOCUMENTATION_COMMENTS = YES;
				CLANG_WARN_EMPTY_BODY = YES;
				CLANG_WARN_ENUM_CONVERSION = YES;
				CLANG_WARN_INFINITE_RECURSION = YES;
				CLANG_WARN_INT_CONVERSION = YES;
				CLANG_WARN_NON_LITERAL_NULL_CONVERSION = YES;
				CLANG_WARN_OBJC_IMPLICIT_RETAIN_SELF = YES;
				CLANG_WARN_OBJC_LITERAL_CONVERSION = YES;
				CLANG_WARN_OBJC_ROOT_CLASS = YES_ERROR;
				CLANG_WARN_QUOTED_INCLUDE_IN_FRAMEWORK_HEADER = YES;
				CLANG_WARN_RANGE_LOOP_ANALYSIS = YES;
				CLANG_WARN_STRICT_PROTOTYPES = YES;
				CLANG_WARN_SUSPICIOUS_MOVE = YES;
				CLANG_WARN_UNGUARDED_AVAILABILITY = YES_AGGRESSIVE;
				CLANG_WARN_UNREACHABLE_CODE = YES;
				CLANG_WARN__DUPLICATE_METHOD_MATCH = YES;
				COPY_PHASE_STRIP = NO;
				DEBUG_INFORMATION_FORMAT = "dwarf-with-dsym";
				ENABLE_NS_ASSERTIONS = NO;
				ENABLE_STRICT_OBJC_MSGSEND = YES;
				GCC_C_LANGUAGE_STANDARD = gnu11;
				GCC_NO_COMMON_BLOCKS = YES;
				GCC_WARN_64_TO_32_BIT_CONVERSION = YES;
				GCC_WARN_ABOUT_RETURN_TYPE = YES_ERROR;
				GCC_WARN_UNDECLARED_SELECTOR = YES;
				GCC_WARN_UNINITIALIZED_AUTOS = YES_AGGRESSIVE;
				GCC_WARN_UNUSED_FUNCTION = YES;
				GCC_WARN_UNUSED_VARIABLE = YES;
				IPHONEOS_DEPLOYMENT_TARGET = 15.0;
				MTL_ENABLE_DEBUG_INFO = NO;
				MTL_FAST_MATH = YES;
				SDKROOT = iphoneos;
				SWIFT_COMPILATION_MODE = wholemodule;
				SWIFT_OPTIMIZATION_LEVEL = "-O";
				VALIDATE_PRODUCT = YES;
			};
			name = Release;
		};
		59C7EB5D273EAA750016F426 /* Debug */ = {
			isa = XCBuildConfiguration;
			buildSettings = {
				ASSETCATALOG_COMPILER_APPICON_NAME = AppIcon;
				ASSETCATALOG_COMPILER_GLOBAL_ACCENT_COLOR_NAME = AccentColor;
				CODE_SIGN_STYLE = Automatic;
				CURRENT_PROJECT_VERSION = 1;
				DEVELOPMENT_TEAM = 74PXA5BUUB;
				GENERATE_INFOPLIST_FILE = YES;
				INFOPLIST_FILE = PersonalQuiz/Supporting/Info.plist;
				INFOPLIST_KEY_UIApplicationSupportsIndirectInputEvents = YES;
				INFOPLIST_KEY_UILaunchStoryboardName = LaunchScreen;
				INFOPLIST_KEY_UIMainStoryboardFile = Main;
				INFOPLIST_KEY_UISupportedInterfaceOrientations = "UIInterfaceOrientationLandscapeRight UIInterfaceOrientationLandscapeLeft UIInterfaceOrientationPortrait";
				INFOPLIST_KEY_UISupportedInterfaceOrientations_iPad = "UIInterfaceOrientationPortrait UIInterfaceOrientationPortraitUpsideDown UIInterfaceOrientationLandscapeLeft UIInterfaceOrientationLandscapeRight";
				INFOPLIST_KEY_UISupportedInterfaceOrientations_iPhone = "UIInterfaceOrientationPortrait UIInterfaceOrientationLandscapeLeft UIInterfaceOrientationLandscapeRight";
				LD_RUNPATH_SEARCH_PATHS = (
					"$(inherited)",
					"@executable_path/Frameworks",
				);
				MARKETING_VERSION = 1.0;
				PRODUCT_BUNDLE_IDENTIFIER = SelfishMak.PersonalQuiz;
				PRODUCT_NAME = "$(TARGET_NAME)";
				SWIFT_EMIT_LOC_STRINGS = YES;
				SWIFT_VERSION = 5.0;
				TARGETED_DEVICE_FAMILY = "1,2";
			};
			name = Debug;
		};
		59C7EB5E273EAA750016F426 /* Release */ = {
			isa = XCBuildConfiguration;
			buildSettings = {
				ASSETCATALOG_COMPILER_APPICON_NAME = AppIcon;
				ASSETCATALOG_COMPILER_GLOBAL_ACCENT_COLOR_NAME = AccentColor;
				CODE_SIGN_STYLE = Automatic;
				CURRENT_PROJECT_VERSION = 1;
				DEVELOPMENT_TEAM = 74PXA5BUUB;
				GENERATE_INFOPLIST_FILE = YES;
				INFOPLIST_FILE = PersonalQuiz/Supporting/Info.plist;
				INFOPLIST_KEY_UIApplicationSupportsIndirectInputEvents = YES;
				INFOPLIST_KEY_UILaunchStoryboardName = LaunchScreen;
				INFOPLIST_KEY_UIMainStoryboardFile = Main;
				INFOPLIST_KEY_UISupportedInterfaceOrientations = "UIInterfaceOrientationLandscapeRight UIInterfaceOrientationLandscapeLeft UIInterfaceOrientationPortrait";
				INFOPLIST_KEY_UISupportedInterfaceOrientations_iPad = "UIInterfaceOrientationPortrait UIInterfaceOrientationPortraitUpsideDown UIInterfaceOrientationLandscapeLeft UIInterfaceOrientationLandscapeRight";
				INFOPLIST_KEY_UISupportedInterfaceOrientations_iPhone = "UIInterfaceOrientationPortrait UIInterfaceOrientationLandscapeLeft UIInterfaceOrientationLandscapeRight";
				LD_RUNPATH_SEARCH_PATHS = (
					"$(inherited)",
					"@executable_path/Frameworks",
				);
				MARKETING_VERSION = 1.0;
				PRODUCT_BUNDLE_IDENTIFIER = SelfishMak.PersonalQuiz;
				PRODUCT_NAME = "$(TARGET_NAME)";
				SWIFT_EMIT_LOC_STRINGS = YES;
				SWIFT_VERSION = 5.0;
				TARGETED_DEVICE_FAMILY = "1,2";
			};
			name = Release;
		};
/* End XCBuildConfiguration section */

/* Begin XCConfigurationList section */
		59C7EB43273EAA730016F426 /* Build configuration list for PBXProject "PersonalQuiz" */ = {
			isa = XCConfigurationList;
			buildConfigurations = (
				59C7EB5A273EAA750016F426 /* Debug */,
				59C7EB5B273EAA750016F426 /* Release */,
			);
			defaultConfigurationIsVisible = 0;
			defaultConfigurationName = Release;
		};
		59C7EB5C273EAA750016F426 /* Build configuration list for PBXNativeTarget "PersonalQuiz" */ = {
			isa = XCConfigurationList;
			buildConfigurations = (
				59C7EB5D273EAA750016F426 /* Debug */,
				59C7EB5E273EAA750016F426 /* Release */,
			);
			defaultConfigurationIsVisible = 0;
			defaultConfigurationName = Release;
		};
/* End XCConfigurationList section */
	};
	rootObject = 59C7EB40273EAA730016F426 /* Project object */;
}
